{
  "name": "superearn-poc",
  "lockfileVersion": 3,
  "requires": true,
  "packages": {
    "": {
      "name": "superearn-poc",
      "dependencies": {
        "@openzeppelin/contracts-upgradeable-4.9.4": "npm:@openzeppelin/contracts-upgradeable@4.9.4"
      }
    },
    "node_modules/@openzeppelin/contracts-upgradeable-4.9.4": {
      "name": "@openzeppelin/contracts-upgradeable",
      "version": "4.9.4",
      "resolved": "https://registry.npmjs.org/@openzeppelin/contracts-upgradeable/-/contracts-upgradeable-4.9.4.tgz",
      "integrity": "sha512-sVlteLCQ1RMgz7xbuhz/PRtBGT3oAPqmk1a/QWx+aeBibp+hFFeYodZJNXR7fs/4jbRQsXzPh1kuQ6RwMCCEMQ==",
      "deprecated": "Duplicated line in Multicall.sol",
      "license": "MIT"
    }
  }
}
